
Microsoft Visual Studio Solution File, Format Version 11.00
# Visual Studio 2010
Project("{FAE04EC0-301F-11D3-BF4B-00C04F79EFBC}") = "APIv2.0", "APIv2.0\APIv2.0.csproj", "{24B0EC6B-C411-48DB-99DA-050B82FACC9D}"
EndProject
Global
	GlobalSection(SolutionConfigurationPlatforms) = preSolution
		Debug|Any CPU = Debug|Any CPU
		Release|Any CPU = Release|Any CPU
	EndGlobalSection
	GlobalSection(ProjectConfigurationPlatforms) = postSolution
		{24B0EC6B-C411-48DB-99DA-050B82FACC9D}.Debug|Any CPU.ActiveCfg = Debug|Any CPU
		{24B0EC6B-C411-48DB-99DA-050B82FACC9D}.Debug|Any CPU.Build.0 = Debug|Any CPU
		{24B0EC6B-C411-48DB-99DA-050B82FACC9D}.Release|Any CPU.ActiveCfg = Release|Any CPU
		{24B0EC6B-C411-48DB-99DA-050B82FACC9D}.Release|Any CPU.Build.0 = Release|Any CPU
	EndGlobalSection
	GlobalSection(SolutionProperties) = preSolution
		HideSolutionNode = FALSE
	EndGlobalSection
EndGlobal
